
Microsoft Visual Studio Solution File, Format Version 12.00
# Visual Studio Version 16
VisualStudioVersion = 16.0.31702.278
MinimumVisualStudioVersion = 10.0.40219.1
Project("{FAE04EC0-301F-11D3-BF4B-00C04F79EFBC}") = "ChatDesign", "ChatDesign\ChatDesign.csproj", "{C8278941-7FB6-4E69-8BE3-E3006FCE0A0A}"
EndProject
Global
	GlobalSection(SolutionConfigurationPlatforms) = preSolution
		Debug|Any CPU = Debug|Any CPU
		Release|Any CPU = Release|Any CPU
	EndGlobalSection
	GlobalSection(ProjectConfigurationPlatforms) = postSolution
		{C8278941-7FB6-4E69-8BE3-E3006FCE0A0A}.Debug|Any CPU.ActiveCfg = Debug|Any CPU
		{C8278941-7FB6-4E69-8BE3-E3006FCE0A0A}.Debug|Any CPU.Build.0 = Debug|Any CPU
		{C8278941-7FB6-4E69-8BE3-E3006FCE0A0A}.Release|Any CPU.ActiveCfg = Release|Any CPU
		{C8278941-7FB6-4E69-8BE3-E3006FCE0A0A}.Release|Any CPU.Build.0 = Release|Any CPU
	EndGlobalSection
	GlobalSection(SolutionProperties) = preSolution
		HideSolutionNode = FALSE
	EndGlobalSection
	GlobalSection(ExtensibilityGlobals) = postSolution
		SolutionGuid = {5E7E8654-BE8C-445C-92E0-7C30D97AC811}
	EndGlobalSection
EndGlobal
